
Microsoft Visual Studio Solution File, Format Version 12.00
# Visual Studio Version 17
VisualStudioVersion = 17.11.35327.3
MinimumVisualStudioVersion = 10.0.40219.1
Project("{2150E333-8FDC-42A3-9474-1A3956D46DE8}") = "V8.0.1", "V8.0.1", "{69B8A4BF-DA45-4DBA-9281-413156679D25}"
EndProject
Project("{9A19103F-16F7-4668-BE54-9A1E7A4F7556}") = "Prism.Extension", "Prism.Extension.csproj", "{57F1CB42-781B-45D9-8C1E-F4F4EC9EFAE4}"
EndProject
Global
	GlobalSection(SolutionConfigurationPlatforms) = preSolution
		Debug|Any CPU = Debug|Any CPU
		Release|Any CPU = Release|Any CPU
	EndGlobalSection
	GlobalSection(ProjectConfigurationPlatforms) = postSolution
		{57F1CB42-781B-45D9-8C1E-F4F4EC9EFAE4}.Debug|Any CPU.ActiveCfg = Debug|Any CPU
		{57F1CB42-781B-45D9-8C1E-F4F4EC9EFAE4}.Debug|Any CPU.Build.0 = Debug|Any CPU
		{57F1CB42-781B-45D9-8C1E-F4F4EC9EFAE4}.Release|Any CPU.ActiveCfg = Release|Any CPU
		{57F1CB42-781B-45D9-8C1E-F4F4EC9EFAE4}.Release|Any CPU.Build.0 = Release|Any CPU
	EndGlobalSection
	GlobalSection(SolutionProperties) = preSolution
		HideSolutionNode = FALSE
	EndGlobalSection
	GlobalSection(NestedProjects) = preSolution
		{57F1CB42-781B-45D9-8C1E-F4F4EC9EFAE4} = {69B8A4BF-DA45-4DBA-9281-413156679D25}
	EndGlobalSection
	GlobalSection(ExtensibilityGlobals) = postSolution
		SolutionGuid = {10FB2F1F-DB5E-44B8-85D3-74BFC513B315}
	EndGlobalSection
EndGlobal
